<?xml version="1.0" encoding="utf-8"?>
<Project ToolsVersion="4.0" xmlns="http://schemas.microsoft.com/developer/msbuild/2003">
  <ItemGroup>
    <Filter Include="소스 파일">
      <UniqueIdentifier>{4FC737F1-C7A5-4376-A066-2A32D752A2FF}</UniqueIdentifier>
      <Extensions>cpp;c;cc;cxx;def;odl;idl;hpj;bat;asm;asmx</Extensions>
    </Filter>
    <Filter Include="헤더 파일">
      <UniqueIdentifier>{93995380-89BD-4b04-88EB-625FBE52EBFB}</UniqueIdentifier>
      <Extensions>h;hh;hpp;hxx;hm;inl;inc;ipp;xsd</Extensions>
    </Filter>
    <Filter Include="리소스 파일">
      <UniqueIdentifier>{67DA6AB6-F800-4c08-8B7A-83BB121AAD01}</UniqueIdentifier>
      <Extensions>rc;ico;cur;bmp;dlg;rc2;rct;bin;rgs;gif;jpg;jpeg;jpe;resx;tiff;tif;png;wav;mfcribbon-ms</Extensions>
    </Filter>
  </ItemGroup>
  <ItemGroup>
    <ClCompile Include="syCollision.cpp">
      <Filter>소스 파일</Filter>
    </ClCompile>
    <ClCompile Include="syCore.cpp">
      <Filter>소스 파일</Filter>
    </ClCompile>
    <ClCompile Include="syInput.cpp">
      <Filter>소스 파일</Filter>
    </ClCompile>
    <ClCompile Include="sySound.cpp">
      <Filter>소스 파일</Filter>
    </ClCompile>
    <ClCompile Include="sySoundMgr.cpp">
      <Filter>소스 파일</Filter>
    </ClCompile>
    <ClCompile Include="syTimer.cpp">
      <Filter>소스 파일</Filter>
    </ClCompile>
    <ClCompile Include="syWindow.cpp">
      <Filter>소스 파일</Filter>
    </ClCompile>
    <ClCompile Include="syDevice.cpp">
      <Filter>소스 파일</Filter>
    </ClCompile>
    <ClCompile Include="syDxState.cpp">
      <Filter>소스 파일</Filter>
    </ClCompile>
    <ClCompile Include="syTexture.cpp">
      <Filter>소스 파일</Filter>
    </ClCompile>
    <ClCompile Include="syObject.cpp">
      <Filter>소스 파일</Filter>
    </ClCompile>
    <ClCompile Include="syDxHelperEx.cpp">
      <Filter>소스 파일</Filter>
    </ClCompile>
    <ClCompile Include="syTextureMgr.cpp">
      <Filter>소스 파일</Filter>
    </ClCompile>
    <ClCompile Include="syDirectWrite.cpp">
      <Filter>소스 파일</Filter>
    </ClCompile>
    <ClCompile Include="syPlaneObject.cpp">
      <Filter>소스 파일</Filter>
    </ClCompile>
    <ClCompile Include="syModel.cpp">
      <Filter>소스 파일</Filter>
    </ClCompile>
    <ClCompile Include="syCamera.cpp">
      <Filter>소스 파일</Filter>
    </ClCompile>
    <ClCompile Include="syMatrix.cpp">
      <Filter>소스 파일</Filter>
    </ClCompile>
    <ClCompile Include="syVector.cpp">
      <Filter>소스 파일</Filter>
    </ClCompile>
    <ClCompile Include="syMap.cpp">
      <Filter>소스 파일</Filter>
    </ClCompile>
    <ClCompile Include="syArcBall.cpp">
      <Filter>소스 파일</Filter>
    </ClCompile>
    <ClCompile Include="sySkybox.cpp">
      <Filter>소스 파일</Filter>
    </ClCompile>
    <ClCompile Include="syFrustum.cpp">
      <Filter>소스 파일</Filter>
    </ClCompile>
    <ClCompile Include="syDebugCamera.cpp">
      <Filter>소스 파일</Filter>
    </ClCompile>
    <ClCompile Include="syDxRT.cpp">
      <Filter>소스 파일</Filter>
    </ClCompile>
    <ClCompile Include="syNode.cpp">
      <Filter>소스 파일</Filter>
    </ClCompile>
    <ClCompile Include="syQuadTree.cpp">
      <Filter>소스 파일</Filter>
    </ClCompile>
    <ClCompile Include="sySelect.cpp">
      <Filter>소스 파일</Filter>
    </ClCompile>
  </ItemGroup>
  <ItemGroup>
    <ClInclude Include="syCollision.h">
      <Filter>헤더 파일</Filter>
    </ClInclude>
    <ClInclude Include="syCore.h">
      <Filter>헤더 파일</Filter>
    </ClInclude>
    <ClInclude Include="syInput.h">
      <Filter>헤더 파일</Filter>
    </ClInclude>
    <ClInclude Include="sySound.h">
      <Filter>헤더 파일</Filter>
    </ClInclude>
    <ClInclude Include="sySoundMgr.h">
      <Filter>헤더 파일</Filter>
    </ClInclude>
    <ClInclude Include="syStd.h">
      <Filter>헤더 파일</Filter>
    </ClInclude>
    <ClInclude Include="syTimer.h">
      <Filter>헤더 파일</Filter>
    </ClInclude>
    <ClInclude Include="syWindow.h">
      <Filter>헤더 파일</Filter>
    </ClInclude>
    <ClInclude Include="syDevice.h">
      <Filter>헤더 파일</Filter>
    </ClInclude>
    <ClInclude Include="syDxState.h">
      <Filter>헤더 파일</Filter>
    </ClInclude>
    <ClInclude Include="syObject.h">
      <Filter>헤더 파일</Filter>
    </ClInclude>
    <ClInclude Include="syDxHelperEx.h">
      <Filter>헤더 파일</Filter>
    </ClInclude>
    <ClInclude Include="syTexture.h">
      <Filter>헤더 파일</Filter>
    </ClInclude>
    <ClInclude Include="syTextureMgr.h">
      <Filter>헤더 파일</Filter>
    </ClInclude>
    <ClInclude Include="syDirectWrite.h">
      <Filter>헤더 파일</Filter>
    </ClInclude>
    <ClInclude Include="syPlaneObject.h">
      <Filter>헤더 파일</Filter>
    </ClInclude>
    <ClInclude Include="syModel.h">
      <Filter>헤더 파일</Filter>
    </ClInclude>
    <ClInclude Include="syCamera.h">
      <Filter>헤더 파일</Filter>
    </ClInclude>
    <ClInclude Include="syMatrix.h">
      <Filter>헤더 파일</Filter>
    </ClInclude>
    <ClInclude Include="syVector.h">
      <Filter>헤더 파일</Filter>
    </ClInclude>
    <ClInclude Include="syMap.h">
      <Filter>헤더 파일</Filter>
    </ClInclude>
    <ClInclude Include="syArcBall.h">
      <Filter>헤더 파일</Filter>
    </ClInclude>
    <ClInclude Include="sySkybox.h">
      <Filter>헤더 파일</Filter>
    </ClInclude>
    <ClInclude Include="syFrustum.h">
      <Filter>헤더 파일</Filter>
    </ClInclude>
    <ClInclude Include="syDebugCamera.h">
      <Filter>헤더 파일</Filter>
    </ClInclude>
    <ClInclude Include="syDxRT.h">
      <Filter>헤더 파일</Filter>
    </ClInclude>
    <ClInclude Include="syNode.h">
      <Filter>헤더 파일</Filter>
    </ClInclude>
    <ClInclude Include="syQuadTree.h">
      <Filter>헤더 파일</Filter>
    </ClInclude>
    <ClInclude Include="sySelect.h">
      <Filter>헤더 파일</Filter>
    </ClInclude>
    <ClInclude Include="resource.h">
      <Filter>헤더 파일</Filter>
    </ClInclude>
  </ItemGroup>
  <ItemGroup>
    <FxCompile Include="..\..\data\shader\Line.hlsl">
      <Filter>리소스 파일</Filter>
    </FxCompile>
    <FxCompile Include="..\..\data\shader\shader.hlsl">
      <Filter>리소스 파일</Filter>
    </FxCompile>
    <FxCompile Include="..\..\data\shader\skybox.hlsl">
      <Filter>리소스 파일</Filter>
    </FxCompile>
    <FxCompile Include="..\..\data\shader\heightMap.hlsl">
      <Filter>리소스 파일</Filter>
    </FxCompile>
    <FxCompile Include="..\..\data\shader\DiffuseLight.hlsl">
      <Filter>리소스 파일</Filter>
    </FxCompile>
    <FxCompile Include="..\..\data\shader\character.hlsl">
      <Filter>리소스 파일</Filter>
    </FxCompile>
    <FxCompile Include="..\..\data\shader\splatting.hlsl">
      <Filter>리소스 파일</Filter>
    </FxCompile>
    <FxCompile Include="..\..\data\shader\plane.hlsl">
      <Filter>리소스 파일</Filter>
    </FxCompile>
  </ItemGroup>
  <ItemGroup>
    <ResourceCompile Include="DXCore.rc">
      <Filter>리소스 파일</Filter>
    </ResourceCompile>
  </ItemGroup>
</Project>